
Microsoft Visual Studio Solution File, Format Version 12.00
# Visual Studio Version 17
VisualStudioVersion = 17.9.34728.123
MinimumVisualStudioVersion = 10.0.40219.1
Project("{9A19103F-16F7-4668-BE54-9A1E7A4F7556}") = "CleanArchitectureGRPC.API", "CleanArchitectureGRPC.API\CleanArchitectureGRPC.API.csproj", "{9BCDA931-E500-4467-AFD4-7B69A7FF30AB}"
EndProject
Project("{9A19103F-16F7-4668-BE54-9A1E7A4F7556}") = "CleanArchitectureGRPC.Application", "CleanArchitectureGRPC.Application\CleanArchitectureGRPC.Application.csproj", "{BF69E3DD-F895-4F3C-99F0-2414A12F9289}"
EndProject
Project("{9A19103F-16F7-4668-BE54-9A1E7A4F7556}") = "CleanArchitectureGRPC.Domain", "CleanArchitectureGRPC.Domain\CleanArchitectureGRPC.Domain.csproj", "{9F06A756-1261-4190-818E-9FD91795CF48}"
EndProject
Project("{9A19103F-16F7-4668-BE54-9A1E7A4F7556}") = "CleanArchitectureGRPC.Infrastructure", "CleanArchitectureGRPC.Infrastructure\CleanArchitectureGRPC.Infrastructure.csproj", "{3DFF6E9B-29C7-47D6-9D0F-CA59B7146767}"
EndProject
Project("{FAE04EC0-301F-11D3-BF4B-00C04F79EFBC}") = "CleanArchitectureGRPC.Tests", "CleanArchitectureGRPC.Tests\CleanArchitectureGRPC.Tests.csproj", "{CD3C476E-320E-4474-B6BB-183D048B34DE}"
EndProject
Project("{FAE04EC0-301F-11D3-BF4B-00C04F79EFBC}") = "CleanArchitectureGRPC.Client", "CleanArchitectureGRPC.Client\CleanArchitectureGRPC.Client.csproj", "{74517E35-0967-44DC-95BE-CCFAC4EED2BE}"
EndProject
Global
	GlobalSection(SolutionConfigurationPlatforms) = preSolution
		Debug|Any CPU = Debug|Any CPU
		Release|Any CPU = Release|Any CPU
	EndGlobalSection
	GlobalSection(ProjectConfigurationPlatforms) = postSolution
		{9BCDA931-E500-4467-AFD4-7B69A7FF30AB}.Debug|Any CPU.ActiveCfg = Debug|Any CPU
		{9BCDA931-E500-4467-AFD4-7B69A7FF30AB}.Debug|Any CPU.Build.0 = Debug|Any CPU
		{9BCDA931-E500-4467-AFD4-7B69A7FF30AB}.Release|Any CPU.ActiveCfg = Release|Any CPU
		{9BCDA931-E500-4467-AFD4-7B69A7FF30AB}.Release|Any CPU.Build.0 = Release|Any CPU
		{BF69E3DD-F895-4F3C-99F0-2414A12F9289}.Debug|Any CPU.ActiveCfg = Debug|Any CPU
		{BF69E3DD-F895-4F3C-99F0-2414A12F9289}.Debug|Any CPU.Build.0 = Debug|Any CPU
		{BF69E3DD-F895-4F3C-99F0-2414A12F9289}.Release|Any CPU.ActiveCfg = Release|Any CPU
		{BF69E3DD-F895-4F3C-99F0-2414A12F9289}.Release|Any CPU.Build.0 = Release|Any CPU
		{9F06A756-1261-4190-818E-9FD91795CF48}.Debug|Any CPU.ActiveCfg = Debug|Any CPU
		{9F06A756-1261-4190-818E-9FD91795CF48}.Debug|Any CPU.Build.0 = Debug|Any CPU
		{9F06A756-1261-4190-818E-9FD91795CF48}.Release|Any CPU.ActiveCfg = Release|Any CPU
		{9F06A756-1261-4190-818E-9FD91795CF48}.Release|Any CPU.Build.0 = Release|Any CPU
		{3DFF6E9B-29C7-47D6-9D0F-CA59B7146767}.Debug|Any CPU.ActiveCfg = Debug|Any CPU
		{3DFF6E9B-29C7-47D6-9D0F-CA59B7146767}.Debug|Any CPU.Build.0 = Debug|Any CPU
		{3DFF6E9B-29C7-47D6-9D0F-CA59B7146767}.Release|Any CPU.ActiveCfg = Release|Any CPU
		{3DFF6E9B-29C7-47D6-9D0F-CA59B7146767}.Release|Any CPU.Build.0 = Release|Any CPU
		{CD3C476E-320E-4474-B6BB-183D048B34DE}.Debug|Any CPU.ActiveCfg = Debug|Any CPU
		{CD3C476E-320E-4474-B6BB-183D048B34DE}.Debug|Any CPU.Build.0 = Debug|Any CPU
		{CD3C476E-320E-4474-B6BB-183D048B34DE}.Release|Any CPU.ActiveCfg = Release|Any CPU
		{CD3C476E-320E-4474-B6BB-183D048B34DE}.Release|Any CPU.Build.0 = Release|Any CPU
		{74517E35-0967-44DC-95BE-CCFAC4EED2BE}.Debug|Any CPU.ActiveCfg = Debug|Any CPU
		{74517E35-0967-44DC-95BE-CCFAC4EED2BE}.Debug|Any CPU.Build.0 = Debug|Any CPU
		{74517E35-0967-44DC-95BE-CCFAC4EED2BE}.Release|Any CPU.ActiveCfg = Release|Any CPU
		{74517E35-0967-44DC-95BE-CCFAC4EED2BE}.Release|Any CPU.Build.0 = Release|Any CPU
	EndGlobalSection
	GlobalSection(SolutionProperties) = preSolution
		HideSolutionNode = FALSE
	EndGlobalSection
	GlobalSection(ExtensibilityGlobals) = postSolution
		SolutionGuid = {83726024-83A4-4429-BB4F-F6626837440E}
	EndGlobalSection
EndGlobal
